
Microsoft Visual Studio Solution File, Format Version 12.00
# Visual Studio Version 17
VisualStudioVersion = 17.0.31919.166
MinimumVisualStudioVersion = 10.0.40219.1
Project("{FAE04EC0-301F-11D3-BF4B-00C04F79EFBC}") = "12626-1-Termin-ASP-Net", "12626-1-Termin-ASP-Net\12626-1-Termin-ASP-Net.csproj", "{06C411E6-F762-4884-B52B-4AA894704370}"
EndProject
Global
	GlobalSection(SolutionConfigurationPlatforms) = preSolution
		Debug|Any CPU = Debug|Any CPU
		Release|Any CPU = Release|Any CPU
	EndGlobalSection
	GlobalSection(ProjectConfigurationPlatforms) = postSolution
		{06C411E6-F762-4884-B52B-4AA894704370}.Debug|Any CPU.ActiveCfg = Debug|Any CPU
		{06C411E6-F762-4884-B52B-4AA894704370}.Debug|Any CPU.Build.0 = Debug|Any CPU
		{06C411E6-F762-4884-B52B-4AA894704370}.Release|Any CPU.ActiveCfg = Release|Any CPU
		{06C411E6-F762-4884-B52B-4AA894704370}.Release|Any CPU.Build.0 = Release|Any CPU
	EndGlobalSection
	GlobalSection(SolutionProperties) = preSolution
		HideSolutionNode = FALSE
	EndGlobalSection
	GlobalSection(ExtensibilityGlobals) = postSolution
		SolutionGuid = {D4086253-C223-4A7A-A089-1ADC668D0D3F}
	EndGlobalSection
EndGlobal
